// !$*UTF8*$!
{
	archiveVersion = 1;
	classes = {
	};
	objectVersion = 56;
	objects = {

/* Begin PBXBuildFile section */
		205713D02B3ED968009CF265 /* GameViewModel.swift in Sources */ = {isa = PBXBuildFile; fileRef = 205713CF2B3ED968009CF265 /* GameViewModel.swift */; };
		3E5ABACB2AE3308B0089A3C9 /* RockPaperScissorsApp.swift in Sources */ = {isa = PBXBuildFile; fileRef = 3E5ABACA2AE3308B0089A3C9 /* RockPaperScissorsApp.swift */; };
		3E5ABACD2AE3308B0089A3C9 /* GameView.swift in Sources */ = {isa = PBXBuildFile; fileRef = 3E5ABACC2AE3308B0089A3C9 /* GameView.swift */; };
		3E5ABACF2AE3308D0089A3C9 /* Assets.xcassets in Resources */ = {isa = PBXBuildFile; fileRef = 3E5ABACE2AE3308D0089A3C9 /* Assets.xcassets */; };
		3E5ABAD22AE3308D0089A3C9 /* Preview Assets.xcassets in Resources */ = {isa = PBXBuildFile; fileRef = 3E5ABAD12AE3308D0089A3C9 /* Preview Assets.xcassets */; };
		3E5ABAD92AE333320089A3C9 /* GameMove.swift in Sources */ = {isa = PBXBuildFile; fileRef = 3E5ABAD82AE333320089A3C9 /* GameMove.swift */; };
		3E5ABADB2AE333B50089A3C9 /* MoveButton.swift in Sources */ = {isa = PBXBuildFile; fileRef = 3E5ABADA2AE333B50089A3C9 /* MoveButton.swift */; };
		3E5ABADF2AE53D030089A3C9 /* BoardModifier.swift in Sources */ = {isa = PBXBuildFile; fileRef = 3E5ABADE2AE53D030089A3C9 /* BoardModifier.swift */; };
		3E5ABAE12AE5DB710089A3C9 /* HeadlineModifier.swift in Sources */ = {isa = PBXBuildFile; fileRef = 3E5ABAE02AE5DB710089A3C9 /* HeadlineModifier.swift */; };
/* End PBXBuildFile section */

/* Begin PBXFileReference section */
		205713CF2B3ED968009CF265 /* GameViewModel.swift */ = {isa = PBXFileReference; lastKnownFileType = sourcecode.swift; path = GameViewModel.swift; sourceTree = "<group>"; };
		3E5ABAC72AE3308B0089A3C9 /* RockPaperScissors.app */ = {isa = PBXFileReference; explicitFileType = wrapper.application; includeInIndex = 0; path = RockPaperScissors.app; sourceTree = BUILT_PRODUCTS_DIR; };
		3E5ABACA2AE3308B0089A3C9 /* RockPaperScissorsApp.swift */ = {isa = PBXFileReference; lastKnownFileType = sourcecode.swift; path = RockPaperScissorsApp.swift; sourceTree = "<group>"; };
		3E5ABACC2AE3308B0089A3C9 /* GameView.swift */ = {isa = PBXFileReference; lastKnownFileType = sourcecode.swift; path = GameView.swift; sourceTree = "<group>"; };
		3E5ABACE2AE3308D0089A3C9 /* Assets.xcassets */ = {isa = PBXFileReference; lastKnownFileType = folder.assetcatalog; path = Assets.xcassets; sourceTree = "<group>"; };
		3E5ABAD12AE3308D0089A3C9 /* Preview Assets.xcassets */ = {isa = PBXFileReference; lastKnownFileType = folder.assetcatalog; path = "Preview Assets.xcassets"; sourceTree = "<group>"; };
		3E5ABAD82AE333320089A3C9 /* GameMove.swift */ = {isa = PBXFileReference; lastKnownFileType = sourcecode.swift; path = GameMove.swift; sourceTree = "<group>"; };
		3E5ABADA2AE333B50089A3C9 /* MoveButton.swift */ = {isa = PBXFileReference; lastKnownFileType = sourcecode.swift; path = MoveButton.swift; sourceTree = "<group>"; };
		3E5ABADE2AE53D030089A3C9 /* BoardModifier.swift */ = {isa = PBXFileReference; lastKnownFileType = sourcecode.swift; path = BoardModifier.swift; sourceTree = "<group>"; };
		3E5ABAE02AE5DB710089A3C9 /* HeadlineModifier.swift */ = {isa = PBXFileReference; lastKnownFileType = sourcecode.swift; path = HeadlineModifier.swift; sourceTree = "<group>"; };
/* End PBXFileReference section */

/* Begin PBXFrameworksBuildPhase section */
		3E5ABAC42AE3308B0089A3C9 /* Frameworks */ = {
			isa = PBXFrameworksBuildPhase;
			buildActionMask = 2147483647;
			files = (
			);
			runOnlyForDeploymentPostprocessing = 0;
		};
/* End PBXFrameworksBuildPhase section */

/* Begin PBXGroup section */
		205713CC2B3ED91D009CF265 /* Clean */ = {
			isa = PBXGroup;
			children = (
				205713D12B3ED9F8009CF265 /* Domain */,
				205713CD2B3ED923009CF265 /* Presentation */,
			);
			path = Clean;
			sourceTree = "<group>";
		};
		205713CD2B3ED923009CF265 /* Presentation */ = {
			isa = PBXGroup;
			children = (
				205713D32B3EDA0A009CF265 /* CommonUI */,
				205713CE2B3ED941009CF265 /* Game */,
			);
			path = Presentation;
			sourceTree = "<group>";
		};
		205713CE2B3ED941009CF265 /* Game */ = {
			isa = PBXGroup;
			children = (
				3E5ABACC2AE3308B0089A3C9 /* GameView.swift */,
				205713CF2B3ED968009CF265 /* GameViewModel.swift */,
				205713D42B3EDA38009CF265 /* Modifiers */,
			);
			path = Game;
			sourceTree = "<group>";
		};
		205713D12B3ED9F8009CF265 /* Domain */ = {
			isa = PBXGroup;
			children = (
				205713D22B3ED9FD009CF265 /* Model */,
			);
			path = Domain;
			sourceTree = "<group>";
		};
		205713D22B3ED9FD009CF265 /* Model */ = {
			isa = PBXGroup;
			children = (
				3E5ABAD82AE333320089A3C9 /* GameMove.swift */,
			);
			path = Model;
			sourceTree = "<group>";
		};
		205713D32B3EDA0A009CF265 /* CommonUI */ = {
			isa = PBXGroup;
			children = (
				3E5ABADA2AE333B50089A3C9 /* MoveButton.swift */,
			);
			path = CommonUI;
			sourceTree = "<group>";
		};
		205713D42B3EDA38009CF265 /* Modifiers */ = {
			isa = PBXGroup;
			children = (
				3E5ABADE2AE53D030089A3C9 /* BoardModifier.swift */,
				3E5ABAE02AE5DB710089A3C9 /* HeadlineModifier.swift */,
			);
			path = Modifiers;
			sourceTree = "<group>";
		};
		3E5ABABE2AE3308B0089A3C9 = {
			isa = PBXGroup;
			children = (
				3E5ABAC92AE3308B0089A3C9 /* RockPaperScissors */,
				3E5ABAC82AE3308B0089A3C9 /* Products */,
			);
			sourceTree = "<group>";
		};
		3E5ABAC82AE3308B0089A3C9 /* Products */ = {
			isa = PBXGroup;
			children = (
				3E5ABAC72AE3308B0089A3C9 /* RockPaperScissors.app */,
			);
			name = Products;
			sourceTree = "<group>";
		};
		3E5ABAC92AE3308B0089A3C9 /* RockPaperScissors */ = {
			isa = PBXGroup;
			children = (
				3E5ABACA2AE3308B0089A3C9 /* RockPaperScissorsApp.swift */,
				3E5ABACE2AE3308D0089A3C9 /* Assets.xcassets */,
				205713CC2B3ED91D009CF265 /* Clean */,
				3E5ABAD02AE3308D0089A3C9 /* Preview Content */,
			);
			path = RockPaperScissors;
			sourceTree = "<group>";
		};
		3E5ABAD02AE3308D0089A3C9 /* Preview Content */ = {
			isa = PBXGroup;
			children = (
				3E5ABAD12AE3308D0089A3C9 /* Preview Assets.xcassets */,
			);
			path = "Preview Content";
			sourceTree = "<group>";
		};
/* End PBXGroup section */

/* Begin PBXNativeTarget section */
		3E5ABAC62AE3308B0089A3C9 /* RockPaperScissors */ = {
			isa = PBXNativeTarget;
			buildConfigurationList = 3E5ABAD52AE3308D0089A3C9 /* Build configuration list for PBXNativeTarget "RockPaperScissors" */;
			buildPhases = (
				3E5ABAC32AE3308B0089A3C9 /* Sources */,
				3E5ABAC42AE3308B0089A3C9 /* Frameworks */,
				3E5ABAC52AE3308B0089A3C9 /* Resources */,
			);
			buildRules = (
			);
			dependencies = (
			);
			name = RockPaperScissors;
			productName = RockPaperScissors;
			productReference = 3E5ABAC72AE3308B0089A3C9 /* RockPaperScissors.app */;
			productType = "com.apple.product-type.application";
		};
/* End PBXNativeTarget section */

/* Begin PBXProject section */
		3E5ABABF2AE3308B0089A3C9 /* Project object */ = {
			isa = PBXProject;
			attributes = {
				BuildIndependentTargetsInParallel = 1;
				LastSwiftUpdateCheck = 1420;
				LastUpgradeCheck = 1420;
				TargetAttributes = {
					3E5ABAC62AE3308B0089A3C9 = {
						CreatedOnToolsVersion = 14.2;
					};
				};
			};
			buildConfigurationList = 3E5ABAC22AE3308B0089A3C9 /* Build configuration list for PBXProject "RockPaperScissors" */;
			compatibilityVersion = "Xcode 14.0";
			developmentRegion = en;
			hasScannedForEncodings = 0;
			knownRegions = (
				en,
				Base,
			);
			mainGroup = 3E5ABABE2AE3308B0089A3C9;
			productRefGroup = 3E5ABAC82AE3308B0089A3C9 /* Products */;
			projectDirPath = "";
			projectRoot = "";
			targets = (
				3E5ABAC62AE3308B0089A3C9 /* RockPaperScissors */,
			);
		};
/* End PBXProject section */

/* Begin PBXResourcesBuildPhase section */
		3E5ABAC52AE3308B0089A3C9 /* Resources */ = {
			isa = PBXResourcesBuildPhase;
			buildActionMask = 2147483647;
			files = (
				3E5ABAD22AE3308D0089A3C9 /* Preview Assets.xcassets in Resources */,
				3E5ABACF2AE3308D0089A3C9 /* Assets.xcassets in Resources */,
			);
			runOnlyForDeploymentPostprocessing = 0;
		};
/* End PBXResourcesBuildPhase section */

/* Begin PBXSourcesBuildPhase section */
		3E5ABAC32AE3308B0089A3C9 /* Sources */ = {
			isa = PBXSourcesBuildPhase;
			buildActionMask = 2147483647;
			files = (
				3E5ABAE12AE5DB710089A3C9 /* HeadlineModifier.swift in Sources */,
				3E5ABACD2AE3308B0089A3C9 /* GameView.swift in Sources */,
				3E5ABACB2AE3308B0089A3C9 /* RockPaperScissorsApp.swift in Sources */,
				3E5ABADB2AE333B50089A3C9 /* MoveButton.swift in Sources */,
				3E5ABAD92AE333320089A3C9 /* GameMove.swift in Sources */,
				3E5ABADF2AE53D030089A3C9 /* BoardModifier.swift in Sources */,
				205713D02B3ED968009CF265 /* GameViewModel.swift in Sources */,
			);
			runOnlyForDeploymentPostprocessing = 0;
		};
/* End PBXSourcesBuildPhase section */

/* Begin XCBuildConfiguration section */
		3E5ABAD32AE3308D0089A3C9 /* Debug */ = {
			isa = XCBuildConfiguration;
			buildSettings = {
				ALWAYS_SEARCH_USER_PATHS = NO;
				CLANG_ANALYZER_NONNULL = YES;
				CLANG_ANALYZER_NUMBER_OBJECT_CONVERSION = YES_AGGRESSIVE;
				CLANG_CXX_LANGUAGE_STANDARD = "gnu++20";
				CLANG_ENABLE_MODULES = YES;
				CLANG_ENABLE_OBJC_ARC = YES;
				CLANG_ENABLE_OBJC_WEAK = YES;
				CLANG_WARN_BLOCK_CAPTURE_AUTORELEASING = YES;
				CLANG_WARN_BOOL_CONVERSION = YES;
				CLANG_WARN_COMMA = YES;
				CLANG_WARN_CONSTANT_CONVERSION = YES;
				CLANG_WARN_DEPRECATED_OBJC_IMPLEMENTATIONS = YES;
				CLANG_WARN_DIRECT_OBJC_ISA_USAGE = YES_ERROR;
				CLANG_WARN_DOCUMENTATION_COMMENTS = YES;
				CLANG_WARN_EMPTY_BODY = YES;
				CLANG_WARN_ENUM_CONVERSION = YES;
				CLANG_WARN_INFINITE_RECURSION = YES;
				CLANG_WARN_INT_CONVERSION = YES;
				CLANG_WARN_NON_LITERAL_NULL_CONVERSION = YES;
				CLANG_WARN_OBJC_IMPLICIT_RETAIN_SELF = YES;
				CLANG_WARN_OBJC_LITERAL_CONVERSION = YES;
				CLANG_WARN_OBJC_ROOT_CLASS = YES_ERROR;
				CLANG_WARN_QUOTED_INCLUDE_IN_FRAMEWORK_HEADER = YES;
				CLANG_WARN_RANGE_LOOP_ANALYSIS = YES;
				CLANG_WARN_STRICT_PROTOTYPES = YES;
				CLANG_WARN_SUSPICIOUS_MOVE = YES;
				CLANG_WARN_UNGUARDED_AVAILABILITY = YES_AGGRESSIVE;
				CLANG_WARN_UNREACHABLE_CODE = YES;
				CLANG_WARN__DUPLICATE_METHOD_MATCH = YES;
				COPY_PHASE_STRIP = NO;
				DEBUG_INFORMATION_FORMAT = dwarf;
				ENABLE_STRICT_OBJC_MSGSEND = YES;
				ENABLE_TESTABILITY = YES;
				GCC_C_LANGUAGE_STANDARD = gnu11;
				GCC_DYNAMIC_NO_PIC = NO;
				GCC_NO_COMMON_BLOCKS = YES;
				GCC_OPTIMIZATION_LEVEL = 0;
				GCC_PREPROCESSOR_DEFINITIONS = (
					"DEBUG=1",
					"$(inherited)",
				);
				GCC_WARN_64_TO_32_BIT_CONVERSION = YES;
				GCC_WARN_ABOUT_RETURN_TYPE = YES_ERROR;
				GCC_WARN_UNDECLARED_SELECTOR = YES;
				GCC_WARN_UNINITIALIZED_AUTOS = YES_AGGRESSIVE;
				GCC_WARN_UNUSED_FUNCTION = YES;
				GCC_WARN_UNUSED_VARIABLE = YES;
				IPHONEOS_DEPLOYMENT_TARGET = 16.2;
				MTL_ENABLE_DEBUG_INFO = INCLUDE_SOURCE;
				MTL_FAST_MATH = YES;
				ONLY_ACTIVE_ARCH = YES;
				SDKROOT = iphoneos;
				SWIFT_ACTIVE_COMPILATION_CONDITIONS = DEBUG;
				SWIFT_OPTIMIZATION_LEVEL = "-Onone";
			};
			name = Debug;
		};
		3E5ABAD42AE3308D0089A3C9 /* Release */ = {
			isa = XCBuildConfiguration;
			buildSettings = {
				ALWAYS_SEARCH_USER_PATHS = NO;
				CLANG_ANALYZER_NONNULL = YES;
				CLANG_ANALYZER_NUMBER_OBJECT_CONVERSION = YES_AGGRESSIVE;
				CLANG_CXX_LANGUAGE_STANDARD = "gnu++20";
				CLANG_ENABLE_MODULES = YES;
				CLANG_ENABLE_OBJC_ARC = YES;
				CLANG_ENABLE_OBJC_WEAK = YES;
				CLANG_WARN_BLOCK_CAPTURE_AUTORELEASING = YES;
				CLANG_WARN_BOOL_CONVERSION = YES;
				CLANG_WARN_COMMA = YES;
				CLANG_WARN_CONSTANT_CONVERSION = YES;
				CLANG_WARN_DEPRECATED_OBJC_IMPLEMENTATIONS = YES;
				CLANG_WARN_DIRECT_OBJC_ISA_USAGE = YES_ERROR;
				CLANG_WARN_DOCUMENTATION_COMMENTS = YES;
				CLANG_WARN_EMPTY_BODY = YES;
				CLANG_WARN_ENUM_CONVERSION = YES;
				CLANG_WARN_INFINITE_RECURSION = YES;
				CLANG_WARN_INT_CONVERSION = YES;
				CLANG_WARN_NON_LITERAL_NULL_CONVERSION = YES;
				CLANG_WARN_OBJC_IMPLICIT_RETAIN_SELF = YES;
				CLANG_WARN_OBJC_LITERAL_CONVERSION = YES;
				CLANG_WARN_OBJC_ROOT_CLASS = YES_ERROR;
				CLANG_WARN_QUOTED_INCLUDE_IN_FRAMEWORK_HEADER = YES;
				CLANG_WARN_RANGE_LOOP_ANALYSIS = YES;
				CLANG_WARN_STRICT_PROTOTYPES = YES;
				CLANG_WARN_SUSPICIOUS_MOVE = YES;
				CLANG_WARN_UNGUARDED_AVAILABILITY = YES_AGGRESSIVE;
				CLANG_WARN_UNREACHABLE_CODE = YES;
				CLANG_WARN__DUPLICATE_METHOD_MATCH = YES;
				COPY_PHASE_STRIP = NO;
				DEBUG_INFORMATION_FORMAT = "dwarf-with-dsym";
				ENABLE_NS_ASSERTIONS = NO;
				ENABLE_STRICT_OBJC_MSGSEND = YES;
				GCC_C_LANGUAGE_STANDARD = gnu11;
				GCC_NO_COMMON_BLOCKS = YES;
				GCC_WARN_64_TO_32_BIT_CONVERSION = YES;
				GCC_WARN_ABOUT_RETURN_TYPE = YES_ERROR;
				GCC_WARN_UNDECLARED_SELECTOR = YES;
				GCC_WARN_UNINITIALIZED_AUTOS = YES_AGGRESSIVE;
				GCC_WARN_UNUSED_FUNCTION = YES;
				GCC_WARN_UNUSED_VARIABLE = YES;
				IPHONEOS_DEPLOYMENT_TARGET = 16.2;
				MTL_ENABLE_DEBUG_INFO = NO;
				MTL_FAST_MATH = YES;
				SDKROOT = iphoneos;
				SWIFT_COMPILATION_MODE = wholemodule;
				SWIFT_OPTIMIZATION_LEVEL = "-O";
				VALIDATE_PRODUCT = YES;
			};
			name = Release;
		};
		3E5ABAD62AE3308D0089A3C9 /* Debug */ = {
			isa = XCBuildConfiguration;
			buildSettings = {
				ASSETCATALOG_COMPILER_APPICON_NAME = AppIcon;
				ASSETCATALOG_COMPILER_GLOBAL_ACCENT_COLOR_NAME = AccentColor;
				CODE_SIGN_STYLE = Automatic;
				CURRENT_PROJECT_VERSION = 1;
				DEVELOPMENT_ASSET_PATHS = "\"RockPaperScissors/Preview Content\"";
				DEVELOPMENT_TEAM = WAY234M8W5;
				ENABLE_PREVIEWS = YES;
				GENERATE_INFOPLIST_FILE = YES;
				INFOPLIST_KEY_UIApplicationSceneManifest_Generation = YES;
				INFOPLIST_KEY_UIApplicationSupportsIndirectInputEvents = YES;
				INFOPLIST_KEY_UILaunchScreen_Generation = YES;
				INFOPLIST_KEY_UISupportedInterfaceOrientations_iPad = "UIInterfaceOrientationPortrait UIInterfaceOrientationPortraitUpsideDown UIInterfaceOrientationLandscapeLeft UIInterfaceOrientationLandscapeRight";
				INFOPLIST_KEY_UISupportedInterfaceOrientations_iPhone = "UIInterfaceOrientationPortrait UIInterfaceOrientationLandscapeLeft UIInterfaceOrientationLandscapeRight";
				LD_RUNPATH_SEARCH_PATHS = (
					"$(inherited)",
					"@executable_path/Frameworks",
				);
				MARKETING_VERSION = 1.0;
				PRODUCT_BUNDLE_IDENTIFIER = com.ctr.RockPaperScissors;
				PRODUCT_NAME = "$(TARGET_NAME)";
				SWIFT_EMIT_LOC_STRINGS = YES;
				SWIFT_VERSION = 5.0;
				TARGETED_DEVICE_FAMILY = "1,2";
			};
			name = Debug;
		};
		3E5ABAD72AE3308D0089A3C9 /* Release */ = {
			isa = XCBuildConfiguration;
			buildSettings = {
				ASSETCATALOG_COMPILER_APPICON_NAME = AppIcon;
				ASSETCATALOG_COMPILER_GLOBAL_ACCENT_COLOR_NAME = AccentColor;
				CODE_SIGN_STYLE = Automatic;
				CURRENT_PROJECT_VERSION = 1;
				DEVELOPMENT_ASSET_PATHS = "\"RockPaperScissors/Preview Content\"";
				DEVELOPMENT_TEAM = WAY234M8W5;
				ENABLE_PREVIEWS = YES;
				GENERATE_INFOPLIST_FILE = YES;
				INFOPLIST_KEY_UIApplicationSceneManifest_Generation = YES;
				INFOPLIST_KEY_UIApplicationSupportsIndirectInputEvents = YES;
				INFOPLIST_KEY_UILaunchScreen_Generation = YES;
				INFOPLIST_KEY_UISupportedInterfaceOrientations_iPad = "UIInterfaceOrientationPortrait UIInterfaceOrientationPortraitUpsideDown UIInterfaceOrientationLandscapeLeft UIInterfaceOrientationLandscapeRight";
				INFOPLIST_KEY_UISupportedInterfaceOrientations_iPhone = "UIInterfaceOrientationPortrait UIInterfaceOrientationLandscapeLeft UIInterfaceOrientationLandscapeRight";
				LD_RUNPATH_SEARCH_PATHS = (
					"$(inherited)",
					"@executable_path/Frameworks",
				);
				MARKETING_VERSION = 1.0;
				PRODUCT_BUNDLE_IDENTIFIER = com.ctr.RockPaperScissors;
				PRODUCT_NAME = "$(TARGET_NAME)";
				SWIFT_EMIT_LOC_STRINGS = YES;
				SWIFT_VERSION = 5.0;
				TARGETED_DEVICE_FAMILY = "1,2";
			};
			name = Release;
		};
/* End XCBuildConfiguration section */

/* Begin XCConfigurationList section */
		3E5ABAC22AE3308B0089A3C9 /* Build configuration list for PBXProject "RockPaperScissors" */ = {
			isa = XCConfigurationList;
			buildConfigurations = (
				3E5ABAD32AE3308D0089A3C9 /* Debug */,
				3E5ABAD42AE3308D0089A3C9 /* Release */,
			);
			defaultConfigurationIsVisible = 0;
			defaultConfigurationName = Release;
		};
		3E5ABAD52AE3308D0089A3C9 /* Build configuration list for PBXNativeTarget "RockPaperScissors" */ = {
			isa = XCConfigurationList;
			buildConfigurations = (
				3E5ABAD62AE3308D0089A3C9 /* Debug */,
				3E5ABAD72AE3308D0089A3C9 /* Release */,
			);
			defaultConfigurationIsVisible = 0;
			defaultConfigurationName = Release;
		};
/* End XCConfigurationList section */
	};
	rootObject = 3E5ABABF2AE3308B0089A3C9 /* Project object */;
}
